
Microsoft Visual Studio Solution File, Format Version 12.00
# Visual Studio Version 16
VisualStudioVersion = 16.0.30309.148
MinimumVisualStudioVersion = 10.0.40219.1
Project("{9A19103F-16F7-4668-BE54-9A1E7A4F7556}") = "Expenses.AzureFunctions.Api", "Expenses.AzureFunctions.Api\Expenses.AzureFunctions.Api.csproj", "{79B337A4-FE81-432B-B72F-58AAE10A98B9}"
EndProject
Project("{FAE04EC0-301F-11D3-BF4B-00C04F79EFBC}") = "Expenses.AzureFunctions.Application", "Expenses.AzureFunctions.Application\Expenses.AzureFunctions.Application.csproj", "{14771E40-BB46-4AFE-9D0D-097130C2B6AB}"
EndProject
Project("{2150E333-8FDC-42A3-9474-1A3956D46DE8}") = "Solution Items", "Solution Items", "{FFE2C875-72EA-4289-B99C-7F5E1F574EA9}"
	ProjectSection(SolutionItems) = preProject
		.editorconfig = .editorconfig
	EndProjectSection
EndProject
Global
	GlobalSection(SolutionConfigurationPlatforms) = preSolution
		Debug|Any CPU = Debug|Any CPU
		Release|Any CPU = Release|Any CPU
	EndGlobalSection
	GlobalSection(ProjectConfigurationPlatforms) = postSolution
		{79B337A4-FE81-432B-B72F-58AAE10A98B9}.Debug|Any CPU.ActiveCfg = Debug|Any CPU
		{79B337A4-FE81-432B-B72F-58AAE10A98B9}.Debug|Any CPU.Build.0 = Debug|Any CPU
		{79B337A4-FE81-432B-B72F-58AAE10A98B9}.Release|Any CPU.ActiveCfg = Release|Any CPU
		{79B337A4-FE81-432B-B72F-58AAE10A98B9}.Release|Any CPU.Build.0 = Release|Any CPU
		{14771E40-BB46-4AFE-9D0D-097130C2B6AB}.Debug|Any CPU.ActiveCfg = Debug|Any CPU
		{14771E40-BB46-4AFE-9D0D-097130C2B6AB}.Debug|Any CPU.Build.0 = Debug|Any CPU
		{14771E40-BB46-4AFE-9D0D-097130C2B6AB}.Release|Any CPU.ActiveCfg = Release|Any CPU
		{14771E40-BB46-4AFE-9D0D-097130C2B6AB}.Release|Any CPU.Build.0 = Release|Any CPU
	EndGlobalSection
	GlobalSection(SolutionProperties) = preSolution
		HideSolutionNode = FALSE
	EndGlobalSection
	GlobalSection(ExtensibilityGlobals) = postSolution
		SolutionGuid = {000AA661-8585-4F58-8478-A3F5BADA720A}
	EndGlobalSection
EndGlobal
